
Microsoft Visual Studio Solution File, Format Version 12.00
# Visual Studio Version 17
VisualStudioVersion = 17.0.31903.59
MinimumVisualStudioVersion = 10.0.40219.1
Project("{2150E333-8FDC-42A3-9474-1A3956D46DE8}") = "tests", "tests", "{3A4B0541-1DEF-496A-92F0-58C0BD67FA4F}"
EndProject
Project("{2150E333-8FDC-42A3-9474-1A3956D46DE8}") = "src", "src", "{FF8531DA-8641-4659-BBC4-9D3BB26E830B}"
EndProject
Project("{9A19103F-16F7-4668-BE54-9A1E7A4F7556}") = "Shop.API", "src\Shop.API\Shop.API.csproj", "{45199BBE-CA8E-42EC-AE04-6EB28E5447F9}"
EndProject
Project("{9A19103F-16F7-4668-BE54-9A1E7A4F7556}") = "Shop.Application", "src\Shop.Application\Shop.Application.csproj", "{1686599E-521E-4966-9854-C6E47BE9904A}"
EndProject
Project("{9A19103F-16F7-4668-BE54-9A1E7A4F7556}") = "Shop.Domain", "src\Shop.Domain\Shop.Domain.csproj", "{8EA7AD43-5B7F-44FF-8550-B33124848C19}"
EndProject
Project("{9A19103F-16F7-4668-BE54-9A1E7A4F7556}") = "Shop.GrpcService", "src\Shop.GrpcService\Shop.GrpcService.csproj", "{266F6B10-EF96-473A-B111-D2A3B2A9E4AE}"
EndProject
Project("{9A19103F-16F7-4668-BE54-9A1E7A4F7556}") = "Shop.Infrastructure", "src\Shop.Infrastructure\Shop.Infrastructure.csproj", "{652DAB36-DDC1-4736-8648-6E07208DE13E}"
EndProject
Project("{9A19103F-16F7-4668-BE54-9A1E7A4F7556}") = "Shop.PanelAdmin", "src\Shop.PanelAdmin\Shop.PanelAdmin.csproj", "{0426A5FB-9848-47B7-BD9F-ADE588D18E63}"
EndProject
Project("{9A19103F-16F7-4668-BE54-9A1E7A4F7556}") = "Shop.API.Tests", "tests\Shop.API.Tests\Shop.API.Tests.csproj", "{5412472A-CCD7-4ECE-B53B-06DB4838C88B}"
EndProject
Project("{9A19103F-16F7-4668-BE54-9A1E7A4F7556}") = "Shop.Application.Tests", "tests\Shop.Application.Tests\Shop.Application.Tests.csproj", "{83F8C552-D3C1-4DEA-8576-866FC13E5C87}"
EndProject
Global
	GlobalSection(SolutionConfigurationPlatforms) = preSolution
		Debug|Any CPU = Debug|Any CPU
		Release|Any CPU = Release|Any CPU
	EndGlobalSection
	GlobalSection(ProjectConfigurationPlatforms) = postSolution
		{45199BBE-CA8E-42EC-AE04-6EB28E5447F9}.Debug|Any CPU.ActiveCfg = Debug|Any CPU
		{45199BBE-CA8E-42EC-AE04-6EB28E5447F9}.Debug|Any CPU.Build.0 = Debug|Any CPU
		{45199BBE-CA8E-42EC-AE04-6EB28E5447F9}.Release|Any CPU.ActiveCfg = Release|Any CPU
		{45199BBE-CA8E-42EC-AE04-6EB28E5447F9}.Release|Any CPU.Build.0 = Release|Any CPU
		{1686599E-521E-4966-9854-C6E47BE9904A}.Debug|Any CPU.ActiveCfg = Debug|Any CPU
		{1686599E-521E-4966-9854-C6E47BE9904A}.Debug|Any CPU.Build.0 = Debug|Any CPU
		{1686599E-521E-4966-9854-C6E47BE9904A}.Release|Any CPU.ActiveCfg = Release|Any CPU
		{1686599E-521E-4966-9854-C6E47BE9904A}.Release|Any CPU.Build.0 = Release|Any CPU
		{8EA7AD43-5B7F-44FF-8550-B33124848C19}.Debug|Any CPU.ActiveCfg = Debug|Any CPU
		{8EA7AD43-5B7F-44FF-8550-B33124848C19}.Debug|Any CPU.Build.0 = Debug|Any CPU
		{8EA7AD43-5B7F-44FF-8550-B33124848C19}.Release|Any CPU.ActiveCfg = Release|Any CPU
		{8EA7AD43-5B7F-44FF-8550-B33124848C19}.Release|Any CPU.Build.0 = Release|Any CPU
		{266F6B10-EF96-473A-B111-D2A3B2A9E4AE}.Debug|Any CPU.ActiveCfg = Debug|Any CPU
		{266F6B10-EF96-473A-B111-D2A3B2A9E4AE}.Debug|Any CPU.Build.0 = Debug|Any CPU
		{266F6B10-EF96-473A-B111-D2A3B2A9E4AE}.Release|Any CPU.ActiveCfg = Release|Any CPU
		{266F6B10-EF96-473A-B111-D2A3B2A9E4AE}.Release|Any CPU.Build.0 = Release|Any CPU
		{652DAB36-DDC1-4736-8648-6E07208DE13E}.Debug|Any CPU.ActiveCfg = Debug|Any CPU
		{652DAB36-DDC1-4736-8648-6E07208DE13E}.Debug|Any CPU.Build.0 = Debug|Any CPU
		{652DAB36-DDC1-4736-8648-6E07208DE13E}.Release|Any CPU.ActiveCfg = Release|Any CPU
		{652DAB36-DDC1-4736-8648-6E07208DE13E}.Release|Any CPU.Build.0 = Release|Any CPU
		{0426A5FB-9848-47B7-BD9F-ADE588D18E63}.Debug|Any CPU.ActiveCfg = Debug|Any CPU
		{0426A5FB-9848-47B7-BD9F-ADE588D18E63}.Debug|Any CPU.Build.0 = Debug|Any CPU
		{0426A5FB-9848-47B7-BD9F-ADE588D18E63}.Release|Any CPU.ActiveCfg = Release|Any CPU
		{0426A5FB-9848-47B7-BD9F-ADE588D18E63}.Release|Any CPU.Build.0 = Release|Any CPU
		{5412472A-CCD7-4ECE-B53B-06DB4838C88B}.Debug|Any CPU.ActiveCfg = Debug|Any CPU
		{5412472A-CCD7-4ECE-B53B-06DB4838C88B}.Debug|Any CPU.Build.0 = Debug|Any CPU
		{5412472A-CCD7-4ECE-B53B-06DB4838C88B}.Release|Any CPU.ActiveCfg = Release|Any CPU
		{5412472A-CCD7-4ECE-B53B-06DB4838C88B}.Release|Any CPU.Build.0 = Release|Any CPU
		{83F8C552-D3C1-4DEA-8576-866FC13E5C87}.Debug|Any CPU.ActiveCfg = Debug|Any CPU
		{83F8C552-D3C1-4DEA-8576-866FC13E5C87}.Debug|Any CPU.Build.0 = Debug|Any CPU
		{83F8C552-D3C1-4DEA-8576-866FC13E5C87}.Release|Any CPU.ActiveCfg = Release|Any CPU
		{83F8C552-D3C1-4DEA-8576-866FC13E5C87}.Release|Any CPU.Build.0 = Release|Any CPU
	EndGlobalSection
	GlobalSection(SolutionProperties) = preSolution
		HideSolutionNode = FALSE
	EndGlobalSection
	GlobalSection(NestedProjects) = preSolution
		{45199BBE-CA8E-42EC-AE04-6EB28E5447F9} = {FF8531DA-8641-4659-BBC4-9D3BB26E830B}
		{1686599E-521E-4966-9854-C6E47BE9904A} = {FF8531DA-8641-4659-BBC4-9D3BB26E830B}
		{8EA7AD43-5B7F-44FF-8550-B33124848C19} = {FF8531DA-8641-4659-BBC4-9D3BB26E830B}
		{266F6B10-EF96-473A-B111-D2A3B2A9E4AE} = {FF8531DA-8641-4659-BBC4-9D3BB26E830B}
		{652DAB36-DDC1-4736-8648-6E07208DE13E} = {FF8531DA-8641-4659-BBC4-9D3BB26E830B}
		{0426A5FB-9848-47B7-BD9F-ADE588D18E63} = {FF8531DA-8641-4659-BBC4-9D3BB26E830B}
		{5412472A-CCD7-4ECE-B53B-06DB4838C88B} = {3A4B0541-1DEF-496A-92F0-58C0BD67FA4F}
		{83F8C552-D3C1-4DEA-8576-866FC13E5C87} = {3A4B0541-1DEF-496A-92F0-58C0BD67FA4F}
	EndGlobalSection
	GlobalSection(ExtensibilityGlobals) = postSolution
		SolutionGuid = {A62EEDAB-07F6-4C02-A595-0B6A5A186266}
	EndGlobalSection
EndGlobal
